
Microsoft Visual Studio Solution File, Format Version 12.00
# Visual Studio Version 17
VisualStudioVersion = 17.5.002.0
MinimumVisualStudioVersion = 10.0.40219.1
Project("{9A19103F-16F7-4668-BE54-9A1E7A4F7556}") = "WeatherDisplay", "WeatherDisplay.csproj", "{3D89482F-4CB4-46BD-9DBD-09D7A0A19187}"
EndProject
Global
	GlobalSection(SolutionConfigurationPlatforms) = preSolution
		Debug|Any CPU = Debug|Any CPU
		Release|Any CPU = Release|Any CPU
	EndGlobalSection
	GlobalSection(ProjectConfigurationPlatforms) = postSolution
		{3D89482F-4CB4-46BD-9DBD-09D7A0A19187}.Debug|Any CPU.ActiveCfg = Debug|Any CPU
		{3D89482F-4CB4-46BD-9DBD-09D7A0A19187}.Debug|Any CPU.Build.0 = Debug|Any CPU
		{3D89482F-4CB4-46BD-9DBD-09D7A0A19187}.Release|Any CPU.ActiveCfg = Release|Any CPU
		{3D89482F-4CB4-46BD-9DBD-09D7A0A19187}.Release|Any CPU.Build.0 = Release|Any CPU
	EndGlobalSection
	GlobalSection(SolutionProperties) = preSolution
		HideSolutionNode = FALSE
	EndGlobalSection
	GlobalSection(ExtensibilityGlobals) = postSolution
		SolutionGuid = {36588642-8999-4322-9218-8B5223FA2B63}
	EndGlobalSection
EndGlobal
